// !$*UTF8*$!
{
	archiveVersion = 1;
	classes = {
	};
	objectVersion = 56;
	objects = {

/* Begin PBXBuildFile section */
		C04CEDCB2913F80C00C9124D /* AppDelegate.swift in Sources */ = {isa = PBXBuildFile; fileRef = C04CEDCA2913F80C00C9124D /* AppDelegate.swift */; };
		C04CEDCD2913F80C00C9124D /* SceneDelegate.swift in Sources */ = {isa = PBXBuildFile; fileRef = C04CEDCC2913F80C00C9124D /* SceneDelegate.swift */; };
		C04CEDCF2913F80C00C9124D /* ViewController.swift in Sources */ = {isa = PBXBuildFile; fileRef = C04CEDCE2913F80C00C9124D /* ViewController.swift */; };
		C04CEDD22913F80C00C9124D /* Main.storyboard in Resources */ = {isa = PBXBuildFile; fileRef = C04CEDD02913F80C00C9124D /* Main.storyboard */; };
		C04CEDD42913F80D00C9124D /* Assets.xcassets in Resources */ = {isa = PBXBuildFile; fileRef = C04CEDD32913F80D00C9124D /* Assets.xcassets */; };
		C04CEDD72913F80D00C9124D /* LaunchScreen.storyboard in Resources */ = {isa = PBXBuildFile; fileRef = C04CEDD52913F80D00C9124D /* LaunchScreen.storyboard */; };
		C0522D03291A26D60078977C /* ViewExports.swift in Sources */ = {isa = PBXBuildFile; fileRef = C0522D02291A26D60078977C /* ViewExports.swift */; };
		C0522D05291A26E90078977C /* View.swift in Sources */ = {isa = PBXBuildFile; fileRef = C0522D04291A26E90078977C /* View.swift */; };
/* End PBXBuildFile section */

/* Begin PBXFileReference section */
		C04CEDC72913F80C00C9124D /* JSInit.app */ = {isa = PBXFileReference; explicitFileType = wrapper.application; includeInIndex = 0; path = JSInit.app; sourceTree = BUILT_PRODUCTS_DIR; };
		C04CEDCA2913F80C00C9124D /* AppDelegate.swift */ = {isa = PBXFileReference; lastKnownFileType = sourcecode.swift; path = AppDelegate.swift; sourceTree = "<group>"; };
		C04CEDCC2913F80C00C9124D /* SceneDelegate.swift */ = {isa = PBXFileReference; lastKnownFileType = sourcecode.swift; path = SceneDelegate.swift; sourceTree = "<group>"; };
		C04CEDCE2913F80C00C9124D /* ViewController.swift */ = {isa = PBXFileReference; lastKnownFileType = sourcecode.swift; path = ViewController.swift; sourceTree = "<group>"; };
		C04CEDD12913F80C00C9124D /* Base */ = {isa = PBXFileReference; lastKnownFileType = file.storyboard; name = Base; path = Base.lproj/Main.storyboard; sourceTree = "<group>"; };
		C04CEDD32913F80D00C9124D /* Assets.xcassets */ = {isa = PBXFileReference; lastKnownFileType = folder.assetcatalog; path = Assets.xcassets; sourceTree = "<group>"; };
		C04CEDD62913F80D00C9124D /* Base */ = {isa = PBXFileReference; lastKnownFileType = file.storyboard; name = Base; path = Base.lproj/LaunchScreen.storyboard; sourceTree = "<group>"; };
		C04CEDD82913F80D00C9124D /* Info.plist */ = {isa = PBXFileReference; lastKnownFileType = text.plist.xml; path = Info.plist; sourceTree = "<group>"; };
		C0522D02291A26D60078977C /* ViewExports.swift */ = {isa = PBXFileReference; lastKnownFileType = sourcecode.swift; path = ViewExports.swift; sourceTree = "<group>"; };
		C0522D04291A26E90078977C /* View.swift */ = {isa = PBXFileReference; lastKnownFileType = sourcecode.swift; path = View.swift; sourceTree = "<group>"; };
/* End PBXFileReference section */

/* Begin PBXFrameworksBuildPhase section */
		C04CEDC42913F80C00C9124D /* Frameworks */ = {
			isa = PBXFrameworksBuildPhase;
			buildActionMask = 2147483647;
			files = (
			);
			runOnlyForDeploymentPostprocessing = 0;
		};
/* End PBXFrameworksBuildPhase section */

/* Begin PBXGroup section */
		C04CEDBE2913F80C00C9124D = {
			isa = PBXGroup;
			children = (
				C04CEDC92913F80C00C9124D /* JSInit */,
				C04CEDC82913F80C00C9124D /* Products */,
			);
			sourceTree = "<group>";
		};
		C04CEDC82913F80C00C9124D /* Products */ = {
			isa = PBXGroup;
			children = (
				C04CEDC72913F80C00C9124D /* JSInit.app */,
			);
			name = Products;
			sourceTree = "<group>";
		};
		C04CEDC92913F80C00C9124D /* JSInit */ = {
			isa = PBXGroup;
			children = (
				C04CEDCA2913F80C00C9124D /* AppDelegate.swift */,
				C04CEDCC2913F80C00C9124D /* SceneDelegate.swift */,
				C04CEDCE2913F80C00C9124D /* ViewController.swift */,
				C04CEDD02913F80C00C9124D /* Main.storyboard */,
				C04CEDD32913F80D00C9124D /* Assets.xcassets */,
				C04CEDD52913F80D00C9124D /* LaunchScreen.storyboard */,
				C04CEDD82913F80D00C9124D /* Info.plist */,
				C0522D02291A26D60078977C /* ViewExports.swift */,
				C0522D04291A26E90078977C /* View.swift */,
			);
			path = JSInit;
			sourceTree = "<group>";
		};
/* End PBXGroup section */

/* Begin PBXNativeTarget section */
		C04CEDC62913F80C00C9124D /* JSInit */ = {
			isa = PBXNativeTarget;
			buildConfigurationList = C04CEDDB2913F80D00C9124D /* Build configuration list for PBXNativeTarget "JSInit" */;
			buildPhases = (
				C04CEDC32913F80C00C9124D /* Sources */,
				C04CEDC42913F80C00C9124D /* Frameworks */,
				C04CEDC52913F80C00C9124D /* Resources */,
			);
			buildRules = (
			);
			dependencies = (
			);
			name = JSInit;
			productName = JSInit;
			productReference = C04CEDC72913F80C00C9124D /* JSInit.app */;
			productType = "com.apple.product-type.application";
		};
/* End PBXNativeTarget section */

/* Begin PBXProject section */
		C04CEDBF2913F80C00C9124D /* Project object */ = {
			isa = PBXProject;
			attributes = {
				BuildIndependentTargetsInParallel = 1;
				LastSwiftUpdateCheck = 1400;
				LastUpgradeCheck = 1400;
				TargetAttributes = {
					C04CEDC62913F80C00C9124D = {
						CreatedOnToolsVersion = 14.0.1;
					};
				};
			};
			buildConfigurationList = C04CEDC22913F80C00C9124D /* Build configuration list for PBXProject "JSInit" */;
			compatibilityVersion = "Xcode 14.0";
			developmentRegion = en;
			hasScannedForEncodings = 0;
			knownRegions = (
				en,
				Base,
			);
			mainGroup = C04CEDBE2913F80C00C9124D;
			productRefGroup = C04CEDC82913F80C00C9124D /* Products */;
			projectDirPath = "";
			projectRoot = "";
			targets = (
				C04CEDC62913F80C00C9124D /* JSInit */,
			);
		};
/* End PBXProject section */

/* Begin PBXResourcesBuildPhase section */
		C04CEDC52913F80C00C9124D /* Resources */ = {
			isa = PBXResourcesBuildPhase;
			buildActionMask = 2147483647;
			files = (
				C04CEDD72913F80D00C9124D /* LaunchScreen.storyboard in Resources */,
				C04CEDD42913F80D00C9124D /* Assets.xcassets in Resources */,
				C04CEDD22913F80C00C9124D /* Main.storyboard in Resources */,
			);
			runOnlyForDeploymentPostprocessing = 0;
		};
/* End PBXResourcesBuildPhase section */

/* Begin PBXSourcesBuildPhase section */
		C04CEDC32913F80C00C9124D /* Sources */ = {
			isa = PBXSourcesBuildPhase;
			buildActionMask = 2147483647;
			files = (
				C0522D03291A26D60078977C /* ViewExports.swift in Sources */,
				C04CEDCF2913F80C00C9124D /* ViewController.swift in Sources */,
				C0522D05291A26E90078977C /* View.swift in Sources */,
				C04CEDCB2913F80C00C9124D /* AppDelegate.swift in Sources */,
				C04CEDCD2913F80C00C9124D /* SceneDelegate.swift in Sources */,
			);
			runOnlyForDeploymentPostprocessing = 0;
		};
/* End PBXSourcesBuildPhase section */

/* Begin PBXVariantGroup section */
		C04CEDD02913F80C00C9124D /* Main.storyboard */ = {
			isa = PBXVariantGroup;
			children = (
				C04CEDD12913F80C00C9124D /* Base */,
			);
			name = Main.storyboard;
			sourceTree = "<group>";
		};
		C04CEDD52913F80D00C9124D /* LaunchScreen.storyboard */ = {
			isa = PBXVariantGroup;
			children = (
				C04CEDD62913F80D00C9124D /* Base */,
			);
			name = LaunchScreen.storyboard;
			sourceTree = "<group>";
		};
/* End PBXVariantGroup section */

/* Begin XCBuildConfiguration section */
		C04CEDD92913F80D00C9124D /* Debug */ = {
			isa = XCBuildConfiguration;
			buildSettings = {
				ALWAYS_SEARCH_USER_PATHS = NO;
				CLANG_ANALYZER_NONNULL = YES;
				CLANG_ANALYZER_NUMBER_OBJECT_CONVERSION = YES_AGGRESSIVE;
				CLANG_CXX_LANGUAGE_STANDARD = "gnu++20";
				CLANG_ENABLE_MODULES = YES;
				CLANG_ENABLE_OBJC_ARC = YES;
				CLANG_ENABLE_OBJC_WEAK = YES;
				CLANG_WARN_BLOCK_CAPTURE_AUTORELEASING = YES;
				CLANG_WARN_BOOL_CONVERSION = YES;
				CLANG_WARN_COMMA = YES;
				CLANG_WARN_CONSTANT_CONVERSION = YES;
				CLANG_WARN_DEPRECATED_OBJC_IMPLEMENTATIONS = YES;
				CLANG_WARN_DIRECT_OBJC_ISA_USAGE = YES_ERROR;
				CLANG_WARN_DOCUMENTATION_COMMENTS = YES;
				CLANG_WARN_EMPTY_BODY = YES;
				CLANG_WARN_ENUM_CONVERSION = YES;
				CLANG_WARN_INFINITE_RECURSION = YES;
				CLANG_WARN_INT_CONVERSION = YES;
				CLANG_WARN_NON_LITERAL_NULL_CONVERSION = YES;
				CLANG_WARN_OBJC_IMPLICIT_RETAIN_SELF = YES;
				CLANG_WARN_OBJC_LITERAL_CONVERSION = YES;
				CLANG_WARN_OBJC_ROOT_CLASS = YES_ERROR;
				CLANG_WARN_QUOTED_INCLUDE_IN_FRAMEWORK_HEADER = YES;
				CLANG_WARN_RANGE_LOOP_ANALYSIS = YES;
				CLANG_WARN_STRICT_PROTOTYPES = YES;
				CLANG_WARN_SUSPICIOUS_MOVE = YES;
				CLANG_WARN_UNGUARDED_AVAILABILITY = YES_AGGRESSIVE;
				CLANG_WARN_UNREACHABLE_CODE = YES;
				CLANG_WARN__DUPLICATE_METHOD_MATCH = YES;
				COPY_PHASE_STRIP = NO;
				DEBUG_INFORMATION_FORMAT = dwarf;
				ENABLE_STRICT_OBJC_MSGSEND = YES;
				ENABLE_TESTABILITY = YES;
				GCC_C_LANGUAGE_STANDARD = gnu11;
				GCC_DYNAMIC_NO_PIC = NO;
				GCC_NO_COMMON_BLOCKS = YES;
				GCC_OPTIMIZATION_LEVEL = 0;
				GCC_PREPROCESSOR_DEFINITIONS = (
					"DEBUG=1",
					"$(inherited)",
				);
				GCC_WARN_64_TO_32_BIT_CONVERSION = YES;
				GCC_WARN_ABOUT_RETURN_TYPE = YES_ERROR;
				GCC_WARN_UNDECLARED_SELECTOR = YES;
				GCC_WARN_UNINITIALIZED_AUTOS = YES_AGGRESSIVE;
				GCC_WARN_UNUSED_FUNCTION = YES;
				GCC_WARN_UNUSED_VARIABLE = YES;
				IPHONEOS_DEPLOYMENT_TARGET = 16.0;
				MTL_ENABLE_DEBUG_INFO = INCLUDE_SOURCE;
				MTL_FAST_MATH = YES;
				ONLY_ACTIVE_ARCH = YES;
				SDKROOT = iphoneos;
				SWIFT_ACTIVE_COMPILATION_CONDITIONS = DEBUG;
				SWIFT_OPTIMIZATION_LEVEL = "-Onone";
			};
			name = Debug;
		};
		C04CEDDA2913F80D00C9124D /* Release */ = {
			isa = XCBuildConfiguration;
			buildSettings = {
				ALWAYS_SEARCH_USER_PATHS = NO;
				CLANG_ANALYZER_NONNULL = YES;
				CLANG_ANALYZER_NUMBER_OBJECT_CONVERSION = YES_AGGRESSIVE;
				CLANG_CXX_LANGUAGE_STANDARD = "gnu++20";
				CLANG_ENABLE_MODULES = YES;
				CLANG_ENABLE_OBJC_ARC = YES;
				CLANG_ENABLE_OBJC_WEAK = YES;
				CLANG_WARN_BLOCK_CAPTURE_AUTORELEASING = YES;
				CLANG_WARN_BOOL_CONVERSION = YES;
				CLANG_WARN_COMMA = YES;
				CLANG_WARN_CONSTANT_CONVERSION = YES;
				CLANG_WARN_DEPRECATED_OBJC_IMPLEMENTATIONS = YES;
				CLANG_WARN_DIRECT_OBJC_ISA_USAGE = YES_ERROR;
				CLANG_WARN_DOCUMENTATION_COMMENTS = YES;
				CLANG_WARN_EMPTY_BODY = YES;
				CLANG_WARN_ENUM_CONVERSION = YES;
				CLANG_WARN_INFINITE_RECURSION = YES;
				CLANG_WARN_INT_CONVERSION = YES;
				CLANG_WARN_NON_LITERAL_NULL_CONVERSION = YES;
				CLANG_WARN_OBJC_IMPLICIT_RETAIN_SELF = YES;
				CLANG_WARN_OBJC_LITERAL_CONVERSION = YES;
				CLANG_WARN_OBJC_ROOT_CLASS = YES_ERROR;
				CLANG_WARN_QUOTED_INCLUDE_IN_FRAMEWORK_HEADER = YES;
				CLANG_WARN_RANGE_LOOP_ANALYSIS = YES;
				CLANG_WARN_STRICT_PROTOTYPES = YES;
				CLANG_WARN_SUSPICIOUS_MOVE = YES;
				CLANG_WARN_UNGUARDED_AVAILABILITY = YES_AGGRESSIVE;
				CLANG_WARN_UNREACHABLE_CODE = YES;
				CLANG_WARN__DUPLICATE_METHOD_MATCH = YES;
				COPY_PHASE_STRIP = NO;
				DEBUG_INFORMATION_FORMAT = "dwarf-with-dsym";
				ENABLE_NS_ASSERTIONS = NO;
				ENABLE_STRICT_OBJC_MSGSEND = YES;
				GCC_C_LANGUAGE_STANDARD = gnu11;
				GCC_NO_COMMON_BLOCKS = YES;
				GCC_WARN_64_TO_32_BIT_CONVERSION = YES;
				GCC_WARN_ABOUT_RETURN_TYPE = YES_ERROR;
				GCC_WARN_UNDECLARED_SELECTOR = YES;
				GCC_WARN_UNINITIALIZED_AUTOS = YES_AGGRESSIVE;
				GCC_WARN_UNUSED_FUNCTION = YES;
				GCC_WARN_UNUSED_VARIABLE = YES;
				IPHONEOS_DEPLOYMENT_TARGET = 16.0;
				MTL_ENABLE_DEBUG_INFO = NO;
				MTL_FAST_MATH = YES;
				SDKROOT = iphoneos;
				SWIFT_COMPILATION_MODE = wholemodule;
				SWIFT_OPTIMIZATION_LEVEL = "-O";
				VALIDATE_PRODUCT = YES;
			};
			name = Release;
		};
		C04CEDDC2913F80D00C9124D /* Debug */ = {
			isa = XCBuildConfiguration;
			buildSettings = {
				ASSETCATALOG_COMPILER_APPICON_NAME = AppIcon;
				ASSETCATALOG_COMPILER_GLOBAL_ACCENT_COLOR_NAME = AccentColor;
				CODE_SIGN_STYLE = Automatic;
				CURRENT_PROJECT_VERSION = 1;
				DEVELOPMENT_TEAM = SV3Z7UALS7;
				GENERATE_INFOPLIST_FILE = YES;
				INFOPLIST_FILE = JSInit/Info.plist;
				INFOPLIST_KEY_UIApplicationSupportsIndirectInputEvents = YES;
				INFOPLIST_KEY_UILaunchStoryboardName = LaunchScreen;
				INFOPLIST_KEY_UIMainStoryboardFile = Main;
				INFOPLIST_KEY_UISupportedInterfaceOrientations_iPad = "UIInterfaceOrientationPortrait UIInterfaceOrientationPortraitUpsideDown UIInterfaceOrientationLandscapeLeft UIInterfaceOrientationLandscapeRight";
				INFOPLIST_KEY_UISupportedInterfaceOrientations_iPhone = "UIInterfaceOrientationPortrait UIInterfaceOrientationLandscapeLeft UIInterfaceOrientationLandscapeRight";
				LD_RUNPATH_SEARCH_PATHS = (
					"$(inherited)",
					"@executable_path/Frameworks",
				);
				MARKETING_VERSION = 1.0;
				PRODUCT_BUNDLE_IDENTIFIER = "Nishan-Bende.JSInit";
				PRODUCT_NAME = "$(TARGET_NAME)";
				SWIFT_EMIT_LOC_STRINGS = YES;
				SWIFT_VERSION = 5.0;
				TARGETED_DEVICE_FAMILY = "1,2";
			};
			name = Debug;
		};
		C04CEDDD2913F80D00C9124D /* Release */ = {
			isa = XCBuildConfiguration;
			buildSettings = {
				ASSETCATALOG_COMPILER_APPICON_NAME = AppIcon;
				ASSETCATALOG_COMPILER_GLOBAL_ACCENT_COLOR_NAME = AccentColor;
				CODE_SIGN_STYLE = Automatic;
				CURRENT_PROJECT_VERSION = 1;
				DEVELOPMENT_TEAM = SV3Z7UALS7;
				GENERATE_INFOPLIST_FILE = YES;
				INFOPLIST_FILE = JSInit/Info.plist;
				INFOPLIST_KEY_UIApplicationSupportsIndirectInputEvents = YES;
				INFOPLIST_KEY_UILaunchStoryboardName = LaunchScreen;
				INFOPLIST_KEY_UIMainStoryboardFile = Main;
				INFOPLIST_KEY_UISupportedInterfaceOrientations_iPad = "UIInterfaceOrientationPortrait UIInterfaceOrientationPortraitUpsideDown UIInterfaceOrientationLandscapeLeft UIInterfaceOrientationLandscapeRight";
				INFOPLIST_KEY_UISupportedInterfaceOrientations_iPhone = "UIInterfaceOrientationPortrait UIInterfaceOrientationLandscapeLeft UIInterfaceOrientationLandscapeRight";
				LD_RUNPATH_SEARCH_PATHS = (
					"$(inherited)",
					"@executable_path/Frameworks",
				);
				MARKETING_VERSION = 1.0;
				PRODUCT_BUNDLE_IDENTIFIER = "Nishan-Bende.JSInit";
				PRODUCT_NAME = "$(TARGET_NAME)";
				SWIFT_EMIT_LOC_STRINGS = YES;
				SWIFT_VERSION = 5.0;
				TARGETED_DEVICE_FAMILY = "1,2";
			};
			name = Release;
		};
/* End XCBuildConfiguration section */

/* Begin XCConfigurationList section */
		C04CEDC22913F80C00C9124D /* Build configuration list for PBXProject "JSInit" */ = {
			isa = XCConfigurationList;
			buildConfigurations = (
				C04CEDD92913F80D00C9124D /* Debug */,
				C04CEDDA2913F80D00C9124D /* Release */,
			);
			defaultConfigurationIsVisible = 0;
			defaultConfigurationName = Release;
		};
		C04CEDDB2913F80D00C9124D /* Build configuration list for PBXNativeTarget "JSInit" */ = {
			isa = XCConfigurationList;
			buildConfigurations = (
				C04CEDDC2913F80D00C9124D /* Debug */,
				C04CEDDD2913F80D00C9124D /* Release */,
			);
			defaultConfigurationIsVisible = 0;
			defaultConfigurationName = Release;
		};
/* End XCConfigurationList section */
	};
	rootObject = C04CEDBF2913F80C00C9124D /* Project object */;
}
